
Microsoft Visual Studio Solution File, Format Version 12.00
# Visual Studio Version 17
VisualStudioVersion = 17.12.35514.174 d17.12
MinimumVisualStudioVersion = 10.0.40219.1
Project("{FAE04EC0-301F-11D3-BF4B-00C04F79EFBC}") = "TriviaGrupÖdev", "TriviaGrupÖdev\TriviaGrupÖdev.csproj", "{F1051C46-84AF-4354-B589-B585F116FFA1}"
EndProject
Global
	GlobalSection(SolutionConfigurationPlatforms) = preSolution
		Debug|Any CPU = Debug|Any CPU
		Release|Any CPU = Release|Any CPU
	EndGlobalSection
	GlobalSection(ProjectConfigurationPlatforms) = postSolution
		{F1051C46-84AF-4354-B589-B585F116FFA1}.Debug|Any CPU.ActiveCfg = Debug|Any CPU
		{F1051C46-84AF-4354-B589-B585F116FFA1}.Debug|Any CPU.Build.0 = Debug|Any CPU
		{F1051C46-84AF-4354-B589-B585F116FFA1}.Release|Any CPU.ActiveCfg = Release|Any CPU
		{F1051C46-84AF-4354-B589-B585F116FFA1}.Release|Any CPU.Build.0 = Release|Any CPU
	EndGlobalSection
	GlobalSection(SolutionProperties) = preSolution
		HideSolutionNode = FALSE
	EndGlobalSection
EndGlobal
